Microsoft Visual Studio Solution File, Format Version 12.00
# Visual Studio Version 17
VisualStudioVersion = 17.5.2.0
MinimumVisualStudioVersion = 10.0.40219.1
Project("{2150E333-8FDC-42A3-9474-1A3956D46DE8}") = "src", "src", "{827E0CD3-B72D-47B6-A68D-7590B98EB39B}"
EndProject
Project("{FAE04EC0-301F-11D3-BF4B-00C04F79EFBC}") = "BlackjackGame", "src\BlackjackGame\BlackjackGame.csproj", "{2742351F-61B0-9665-CC79-9C3114CF3466}"
EndProject
Global
	GlobalSection(SolutionConfigurationPlatforms) = preSolution
		Debug|Any CPU = Debug|Any CPU
		Release|Any CPU = Release|Any CPU
	EndGlobalSection
	GlobalSection(ProjectConfigurationPlatforms) = postSolution
		{2742351F-61B0-9665-CC79-9C3114CF3466}.Debug|Any CPU.ActiveCfg = Debug|Any CPU
		{2742351F-61B0-9665-CC79-9C3114CF3466}.Debug|Any CPU.Build.0 = Debug|Any CPU
		{2742351F-61B0-9665-CC79-9C3114CF3466}.Release|Any CPU.ActiveCfg = Release|Any CPU
		{2742351F-61B0-9665-CC79-9C3114CF3466}.Release|Any CPU.Build.0 = Release|Any CPU
	EndGlobalSection
	GlobalSection(SolutionProperties) = preSolution
		HideSolutionNode = FALSE
	EndGlobalSection
	GlobalSection(NestedProjects) = preSolution
		{2742351F-61B0-9665-CC79-9C3114CF3466} = {827E0CD3-B72D-47B6-A68D-7590B98EB39B}
	EndGlobalSection
	GlobalSection(ExtensibilityGlobals) = postSolution
		SolutionGuid = {438543A5-1713-43A3-88E6-B9A95A6998D2}
	EndGlobalSection
EndGlobal
